
Microsoft Visual Studio Solution File, Format Version 12.00
# Visual Studio Version 16
VisualStudioVersion = 16.0.30204.135
MinimumVisualStudioVersion = 10.0.40219.1
Project("{FAE04EC0-301F-11D3-BF4B-00C04F79EFBC}") = "Ex6_Guns", "Ex6_Guns\Ex6_Guns.csproj", "{8CBBB85D-D95F-463A-BFDA-08F713C63642}"
EndProject
Global
	GlobalSection(SolutionConfigurationPlatforms) = preSolution
		Debug|Any CPU = Debug|Any CPU
		Release|Any CPU = Release|Any CPU
	EndGlobalSection
	GlobalSection(ProjectConfigurationPlatforms) = postSolution
		{8CBBB85D-D95F-463A-BFDA-08F713C63642}.Debug|Any CPU.ActiveCfg = Debug|Any CPU
		{8CBBB85D-D95F-463A-BFDA-08F713C63642}.Debug|Any CPU.Build.0 = Debug|Any CPU
		{8CBBB85D-D95F-463A-BFDA-08F713C63642}.Release|Any CPU.ActiveCfg = Release|Any CPU
		{8CBBB85D-D95F-463A-BFDA-08F713C63642}.Release|Any CPU.Build.0 = Release|Any CPU
	EndGlobalSection
	GlobalSection(SolutionProperties) = preSolution
		HideSolutionNode = FALSE
	EndGlobalSection
	GlobalSection(ExtensibilityGlobals) = postSolution
		SolutionGuid = {BB02ED85-1072-46FA-A556-8BAB9AEDB8CC}
	EndGlobalSection
EndGlobal
